
Microsoft Visual Studio Solution File, Format Version 12.00
# Visual Studio 15
VisualStudioVersion = 15.0.27428.2015
MinimumVisualStudioVersion = 10.0.40219.1
Project("{FAE04EC0-301F-11D3-BF4B-00C04F79EFBC}") = "Monad.FLParser", "FLParser\Monad.FLParser.csproj", "{CE83037E-41AA-4C72-BE2E-1DF90583AD17}"
EndProject
Project("{FAE04EC0-301F-11D3-BF4B-00C04F79EFBC}") = "FLRecordingCleaner", "FLRecordingCleaner\FLRecordingCleaner.csproj", "{20C0846E-6CAA-4443-B6E5-6F1511EAA557}"
EndProject
Global
	GlobalSection(SolutionConfigurationPlatforms) = preSolution
		Debug|Any CPU = Debug|Any CPU
		Release|Any CPU = Release|Any CPU
	EndGlobalSection
	GlobalSection(ProjectConfigurationPlatforms) = postSolution
		{CE83037E-41AA-4C72-BE2E-1DF90583AD17}.Debug|Any CPU.ActiveCfg = Debug|Any CPU
		{CE83037E-41AA-4C72-BE2E-1DF90583AD17}.Debug|Any CPU.Build.0 = Debug|Any CPU
		{CE83037E-41AA-4C72-BE2E-1DF90583AD17}.Release|Any CPU.ActiveCfg = Release|Any CPU
		{CE83037E-41AA-4C72-BE2E-1DF90583AD17}.Release|Any CPU.Build.0 = Release|Any CPU
		{20C0846E-6CAA-4443-B6E5-6F1511EAA557}.Debug|Any CPU.ActiveCfg = Debug|Any CPU
		{20C0846E-6CAA-4443-B6E5-6F1511EAA557}.Debug|Any CPU.Build.0 = Debug|Any CPU
		{20C0846E-6CAA-4443-B6E5-6F1511EAA557}.Release|Any CPU.ActiveCfg = Release|Any CPU
		{20C0846E-6CAA-4443-B6E5-6F1511EAA557}.Release|Any CPU.Build.0 = Release|Any CPU
	EndGlobalSection
	GlobalSection(SolutionProperties) = preSolution
		HideSolutionNode = FALSE
	EndGlobalSection
	GlobalSection(ExtensibilityGlobals) = postSolution
		SolutionGuid = {4B4023F4-71FD-4EC1-8620-1B3844B45B90}
	EndGlobalSection
EndGlobal
